<?xml version="1.0" encoding="utf-8"?>
<Project ToolsVersion="4.0" xmlns="http://schemas.microsoft.com/developer/msbuild/2003">
  <ItemGroup>
    <ClCompile Include="crc.cpp">
      <Filter>Source Files</Filter>
    </ClCompile>
    <ClCompile Include="crcutil-fast\crc32c_sse4.cpp">
      <Filter>Source Files</Filter>
    </ClCompile>
    <ClCompile Include="crcutil-fast\multiword_64_64_cl_i386_mmx.cpp">
      <Filter>Source Files</Filter>
    </ClCompile>
  </ItemGroup>
  <ItemGroup>
    <ClInclude Include="crcutil-fast\base_types.h">
      <Filter>Header Files</Filter>
    </ClInclude>
    <ClInclude Include="crc32.h">
      <Filter>Header Files</Filter>
    </ClInclude>
    <ClInclude Include="crcutil-fast\crc32c_sse4.h">
      <Filter>Header Files</Filter>
    </ClInclude>
    <ClInclude Include="crcutil-fast\crc32c_sse4_intrin.h">
      <Filter>Header Files</Filter>
    </ClInclude>
    <ClInclude Include="crcutil-fast\crc_casts.h">
      <Filter>Header Files</Filter>
    </ClInclude>
    <ClInclude Include="crcutil-fast\generic_crc.h">
      <Filter>Header Files</Filter>
    </ClInclude>
    <ClInclude Include="crcutil-fast\gf_util.h">
      <Filter>Header Files</Filter>
    </ClInclude>
    <ClInclude Include="crcutil-fast\platform.h">
      <Filter>Header Files</Filter>
    </ClInclude>
    <ClInclude Include="crcutil-fast\protected_crc.h">
      <Filter>Header Files</Filter>
    </ClInclude>
    <ClInclude Include="crcutil-fast\rolling_crc.h">
      <Filter>Header Files</Filter>
    </ClInclude>
    <ClInclude Include="crcutil-fast\std_headers.h">
      <Filter>Header Files</Filter>
    </ClInclude>
    <ClInclude Include="crcutil-fast\uint128_sse2.h">
      <Filter>Header Files</Filter>
    </ClInclude>
  </ItemGroup>
  <ItemGroup>
    <Filter Include="Header Files">
      <UniqueIdentifier>{e0a9f903-ae96-4cee-a8d9-64a48d3a37a3}</UniqueIdentifier>
      <Extensions>h;hpp;hxx;hm;inl;inc;xsd</Extensions>
    </Filter>
    <Filter Include="Source Files">
      <UniqueIdentifier>{9b498a2d-a58f-4391-9a12-ccb7a3d8c94d}</UniqueIdentifier>
      <Extensions>cpp;c;cc;cxx;def;odl;idl;hpj;bat;asm;asmx</Extensions>
    </Filter>
  </ItemGroup>
</Project>